
Microsoft Visual Studio Solution File, Format Version 12.00
# Visual Studio Version 17
VisualStudioVersion = 17.6.33801.468
MinimumVisualStudioVersion = 10.0.40219.1
Project("{FAE04EC0-301F-11D3-BF4B-00C04F79EFBC}") = "WebUrlListBlazorAP", "WebUrlListBlazorAP\WebUrlListBlazorAP.csproj", "{D67F9A96-4076-4D05-B89F-A2B7CF99AA76}"
EndProject
Global
	GlobalSection(SolutionConfigurationPlatforms) = preSolution
		Debug|Any CPU = Debug|Any CPU
		Release|Any CPU = Release|Any CPU
	EndGlobalSection
	GlobalSection(ProjectConfigurationPlatforms) = postSolution
		{D67F9A96-4076-4D05-B89F-A2B7CF99AA76}.Debug|Any CPU.ActiveCfg = Debug|Any CPU
		{D67F9A96-4076-4D05-B89F-A2B7CF99AA76}.Debug|Any CPU.Build.0 = Debug|Any CPU
		{D67F9A96-4076-4D05-B89F-A2B7CF99AA76}.Release|Any CPU.ActiveCfg = Release|Any CPU
		{D67F9A96-4076-4D05-B89F-A2B7CF99AA76}.Release|Any CPU.Build.0 = Release|Any CPU
	EndGlobalSection
	GlobalSection(SolutionProperties) = preSolution
		HideSolutionNode = FALSE
	EndGlobalSection
	GlobalSection(ExtensibilityGlobals) = postSolution
		SolutionGuid = {D95BE070-C3FA-4EBF-B46D-A2F5376D6F23}
	EndGlobalSection
EndGlobal
